{
  "nodes": {
    "clibsedml": {
      "inputs": {
        "nixpkgs": [
          "nixpkgs"
        ],
        "sed-ml": "sed-ml"
      },
      "locked": {
        "lastModified": 1688053996,
        "narHash": "sha256-umbyy70uaaw5CHBkogk08aaYiv55GY4OAajkPxKosxU=",
        "owner": "flintproject",
        "repo": "clibsedml",
        "rev": "7f01bb301e3ae04f3b5eaa98cea3f61b7b93014c",
        "type": "github"
      },
      "original": {
        "owner": "flintproject",
        "repo": "clibsedml",
        "type": "github"
      }
    },
    "flint-libsbml": {
      "inputs": {
        "libsbml": "libsbml",
        "nixpkgs": [
          "nixpkgs"
        ]
      },
      "locked": {
        "lastModified": 1736085470,
        "narHash": "sha256-vXVMWliiIAULH1XI6liP5D2f42ShRsvHv5J+6xwGRis=",
        "owner": "flintproject",
        "repo": "flint-libsbml",
        "rev": "5f01e223b0c1be9e06d007718aec6ae1b9dab436",
        "type": "github"
      },
      "original": {
        "owner": "flintproject",
        "repo": "flint-libsbml",
        "rev": "5f01e223b0c1be9e06d007718aec6ae1b9dab436",
        "type": "github"
      }
    },
    "flint-soslib": {
      "inputs": {
        "flint-libsbml": [
          "flint-libsbml"
        ],
        "flint-sundials": [
          "flint-sundials"
        ],
        "nixpkgs": [
          "nixpkgs"
        ],
        "soslib": "soslib"
      },
      "locked": {
        "lastModified": 1736086527,
        "narHash": "sha256-DZNEFHaruv+ptNI9unMYhkMYY2Zql0ypztDS22+R51s=",
        "owner": "flintproject",
        "repo": "flint-soslib",
        "rev": "aba1d97fda2cfa336fca260c47b13ed2c77d17b8",
        "type": "github"
      },
      "original": {
        "owner": "flintproject",
        "repo": "flint-soslib",
        "rev": "aba1d97fda2cfa336fca260c47b13ed2c77d17b8",
        "type": "github"
      }
    },
    "flint-sundials": {
      "inputs": {
        "nixpkgs": [
          "nixpkgs"
        ],
        "sundials": "sundials"
      },
      "locked": {
        "lastModified": 1704639080,
        "narHash": "sha256-U1nrHmTszm6OHIsUdlKcDt/erhakm+05q6sTn/QV0mM=",
        "owner": "flintproject",
        "repo": "flint-sundials",
        "rev": "16740a8af95e2344c73e9793b024c153263baa16",
        "type": "github"
      },
      "original": {
        "owner": "flintproject",
        "repo": "flint-sundials",
        "type": "github"
      }
    },
    "libsbml": {
      "flake": false,
      "locked": {
        "lastModified": 1248798728,
        "narHash": "sha256-iQ/2eAszAkpdfA4C645bc6JF0tLFSZSQnD/GSruPe1w=",
        "owner": "sbmlteam",
        "repo": "libsbml",
        "rev": "186f62fc34f5836cff0ed162aa5e8b880f22fcb1",
        "type": "github"
      },
      "original": {
        "owner": "sbmlteam",
        "repo": "libsbml",
        "rev": "186f62fc34f5836cff0ed162aa5e8b880f22fcb1",
        "type": "github"
      }
    },
    "nixpkgs": {
      "locked": {
        "lastModified": 1735922141,
        "narHash": "sha256-vk0xwGZSlvZ/596yxOtsk4gxsIx2VemzdjiU8zhjgWw=",
        "owner": "NixOS",
        "repo": "nixpkgs",
        "rev": "d29ab98cd4a70a387b8ceea3e930b3340d41ac5a",
        "type": "github"
      },
      "original": {
        "owner": "NixOS",
        "ref": "nixos-24.11",
        "repo": "nixpkgs",
        "type": "github"
      }
    },
    "root": {
      "inputs": {
        "clibsedml": "clibsedml",
        "flint-libsbml": "flint-libsbml",
        "flint-soslib": "flint-soslib",
        "flint-sundials": "flint-sundials",
        "nixpkgs": "nixpkgs"
      }
    },
    "sed-ml": {
      "flake": false,
      "locked": {
        "lastModified": 1507544196,
        "narHash": "sha256-mM82cAu0Hk+XdrRxF8Xh5Ae8gJ2u7C8dd5z1Yo0bZco=",
        "owner": "SED-ML",
        "repo": "sed-ml",
        "rev": "44511c318bcf93c43256ac201905ace1f7675e4c",
        "type": "github"
      },
      "original": {
        "owner": "SED-ML",
        "repo": "sed-ml",
        "rev": "44511c318bcf93c43256ac201905ace1f7675e4c",
        "type": "github"
      }
    },
    "soslib": {
      "flake": false,
      "locked": {
        "lastModified": 1521129593,
        "narHash": "sha256-nobnmHn5Igd+sAZAodPepVmLp4nXMMTi7C52aGa051Y=",
        "owner": "raim",
        "repo": "SBML_odeSolver",
        "rev": "0a1aa2becadceb95b2d61a9fdafa9c3cc620748f",
        "type": "github"
      },
      "original": {
        "owner": "raim",
        "repo": "SBML_odeSolver",
        "type": "github"
      }
    },
    "sundials": {
      "flake": false,
      "locked": {
        "lastModified": 1474997249,
        "narHash": "sha256-IWGe7mt7S11aimsK8bJ2oavkfY31wMjJuK47rKt9YpE=",
        "owner": "LLNL",
        "repo": "sundials",
        "rev": "7ed895fd102226dbc52225e6b2c6e26ef1cafa0e",
        "type": "github"
      },
      "original": {
        "owner": "LLNL",
        "ref": "v2.7.0",
        "repo": "sundials",
        "type": "github"
      }
    }
  },
  "root": "root",
  "version": 7
}
