{
  "nodes": {
    "clibsedml": {
      "inputs": {
        "nixpkgs": [
          "nixpkgs"
        ],
        "sed-ml": "sed-ml"
      },
      "locked": {
        "lastModified": 1688053996,
        "narHash": "sha256-umbyy70uaaw5CHBkogk08aaYiv55GY4OAajkPxKosxU=",
        "owner": "flintproject",
        "repo": "clibsedml",
        "rev": "7f01bb301e3ae04f3b5eaa98cea3f61b7b93014c",
        "type": "github"
      },
      "original": {
        "owner": "flintproject",
        "repo": "clibsedml",
        "type": "github"
      }
    },
    "flint-libsbml": {
      "inputs": {
        "libsbml": "libsbml",
        "nixpkgs": [
          "nixpkgs"
        ]
      },
      "locked": {
        "lastModified": 1704638148,
        "narHash": "sha256-zeKZ/2QFzMur8iuD/QLC5Vr7ZrrsiMNS4bJsTn6s0sk=",
        "owner": "flintproject",
        "repo": "flint-libsbml",
        "rev": "f69dcc1c6d8d0916de4d940295d9665ae846cb5c",
        "type": "github"
      },
      "original": {
        "owner": "flintproject",
        "repo": "flint-libsbml",
        "type": "github"
      }
    },
    "flint-libsbml_2": {
      "inputs": {
        "libsbml": "libsbml_2",
        "nixpkgs": [
          "flint-soslib",
          "nixpkgs"
        ]
      },
      "locked": {
        "lastModified": 1704638148,
        "narHash": "sha256-zeKZ/2QFzMur8iuD/QLC5Vr7ZrrsiMNS4bJsTn6s0sk=",
        "owner": "flintproject",
        "repo": "flint-libsbml",
        "rev": "f69dcc1c6d8d0916de4d940295d9665ae846cb5c",
        "type": "github"
      },
      "original": {
        "owner": "flintproject",
        "repo": "flint-libsbml",
        "type": "github"
      }
    },
    "flint-soslib": {
      "inputs": {
        "flint-libsbml": "flint-libsbml_2",
        "flint-sundials": "flint-sundials",
        "nixpkgs": [
          "nixpkgs"
        ],
        "soslib": "soslib"
      },
      "locked": {
        "lastModified": 1704640821,
        "narHash": "sha256-LLjmdA/uvR+0sSz7fKB6/NoIR/KeNVfUrE7OMog3LJU=",
        "owner": "flintproject",
        "repo": "flint-soslib",
        "rev": "5df9d618e7e183ea448838b69b999143ea778a8e",
        "type": "github"
      },
      "original": {
        "owner": "flintproject",
        "repo": "flint-soslib",
        "type": "github"
      }
    },
    "flint-sundials": {
      "inputs": {
        "nixpkgs": [
          "flint-soslib",
          "nixpkgs"
        ],
        "sundials": "sundials"
      },
      "locked": {
        "lastModified": 1704639080,
        "narHash": "sha256-U1nrHmTszm6OHIsUdlKcDt/erhakm+05q6sTn/QV0mM=",
        "owner": "flintproject",
        "repo": "flint-sundials",
        "rev": "16740a8af95e2344c73e9793b024c153263baa16",
        "type": "github"
      },
      "original": {
        "owner": "flintproject",
        "repo": "flint-sundials",
        "type": "github"
      }
    },
    "flint-sundials_2": {
      "inputs": {
        "nixpkgs": [
          "nixpkgs"
        ],
        "sundials": "sundials_2"
      },
      "locked": {
        "lastModified": 1704639080,
        "narHash": "sha256-U1nrHmTszm6OHIsUdlKcDt/erhakm+05q6sTn/QV0mM=",
        "owner": "flintproject",
        "repo": "flint-sundials",
        "rev": "16740a8af95e2344c73e9793b024c153263baa16",
        "type": "github"
      },
      "original": {
        "owner": "flintproject",
        "repo": "flint-sundials",
        "type": "github"
      }
    },
    "libsbml": {
      "flake": false,
      "locked": {
        "lastModified": 1248798728,
        "narHash": "sha256-iQ/2eAszAkpdfA4C645bc6JF0tLFSZSQnD/GSruPe1w=",
        "owner": "sbmlteam",
        "repo": "libsbml",
        "rev": "186f62fc34f5836cff0ed162aa5e8b880f22fcb1",
        "type": "github"
      },
      "original": {
        "owner": "sbmlteam",
        "repo": "libsbml",
        "rev": "186f62fc34f5836cff0ed162aa5e8b880f22fcb1",
        "type": "github"
      }
    },
    "libsbml_2": {
      "flake": false,
      "locked": {
        "lastModified": 1248798728,
        "narHash": "sha256-iQ/2eAszAkpdfA4C645bc6JF0tLFSZSQnD/GSruPe1w=",
        "owner": "sbmlteam",
        "repo": "libsbml",
        "rev": "186f62fc34f5836cff0ed162aa5e8b880f22fcb1",
        "type": "github"
      },
      "original": {
        "owner": "sbmlteam",
        "repo": "libsbml",
        "rev": "186f62fc34f5836cff0ed162aa5e8b880f22fcb1",
        "type": "github"
      }
    },
    "nixpkgs": {
      "locked": {
        "lastModified": 1716218643,
        "narHash": "sha256-i/E7gzQybvcGAYDRGDl39WL6yVk30Je/NXypBz6/nmM=",
        "owner": "NixOS",
        "repo": "nixpkgs",
        "rev": "a8695cbd09a7ecf3376bd62c798b9864d20f86ee",
        "type": "github"
      },
      "original": {
        "owner": "NixOS",
        "ref": "nixos-23.11",
        "repo": "nixpkgs",
        "type": "github"
      }
    },
    "root": {
      "inputs": {
        "clibsedml": "clibsedml",
        "flint-libsbml": "flint-libsbml",
        "flint-soslib": "flint-soslib",
        "flint-sundials": "flint-sundials_2",
        "nixpkgs": "nixpkgs"
      }
    },
    "sed-ml": {
      "flake": false,
      "locked": {
        "lastModified": 1507544196,
        "narHash": "sha256-mM82cAu0Hk+XdrRxF8Xh5Ae8gJ2u7C8dd5z1Yo0bZco=",
        "owner": "SED-ML",
        "repo": "sed-ml",
        "rev": "44511c318bcf93c43256ac201905ace1f7675e4c",
        "type": "github"
      },
      "original": {
        "owner": "SED-ML",
        "repo": "sed-ml",
        "rev": "44511c318bcf93c43256ac201905ace1f7675e4c",
        "type": "github"
      }
    },
    "soslib": {
      "flake": false,
      "locked": {
        "lastModified": 1521129593,
        "narHash": "sha256-nobnmHn5Igd+sAZAodPepVmLp4nXMMTi7C52aGa051Y=",
        "owner": "raim",
        "repo": "SBML_odeSolver",
        "rev": "0a1aa2becadceb95b2d61a9fdafa9c3cc620748f",
        "type": "github"
      },
      "original": {
        "owner": "raim",
        "repo": "SBML_odeSolver",
        "type": "github"
      }
    },
    "sundials": {
      "flake": false,
      "locked": {
        "lastModified": 1474997249,
        "narHash": "sha256-IWGe7mt7S11aimsK8bJ2oavkfY31wMjJuK47rKt9YpE=",
        "owner": "LLNL",
        "repo": "sundials",
        "rev": "7ed895fd102226dbc52225e6b2c6e26ef1cafa0e",
        "type": "github"
      },
      "original": {
        "owner": "LLNL",
        "ref": "v2.7.0",
        "repo": "sundials",
        "type": "github"
      }
    },
    "sundials_2": {
      "flake": false,
      "locked": {
        "lastModified": 1474997249,
        "narHash": "sha256-IWGe7mt7S11aimsK8bJ2oavkfY31wMjJuK47rKt9YpE=",
        "owner": "LLNL",
        "repo": "sundials",
        "rev": "7ed895fd102226dbc52225e6b2c6e26ef1cafa0e",
        "type": "github"
      },
      "original": {
        "owner": "LLNL",
        "ref": "v2.7.0",
        "repo": "sundials",
        "type": "github"
      }
    }
  },
  "root": "root",
  "version": 7
}
